
Microsoft Visual Studio Solution File, Format Version 12.00
# Visual Studio Version 17
VisualStudioVersion = 17.13.35931.197
MinimumVisualStudioVersion = 10.0.40219.1
Project("{FAE04EC0-301F-11D3-BF4B-00C04F79EFBC}") = "LibPort", "LibPort\LibPort.csproj", "{00E22AE9-C016-4798-AAD6-86456FB77388}"
EndProject
Project("{FAE04EC0-301F-11D3-BF4B-00C04F79EFBC}") = "UnitTest", "UnitTest\UnitTest.csproj", "{F544FB84-3C24-4A83-B00C-C0E2EA672BA2}"
EndProject
Global
	GlobalSection(SolutionConfigurationPlatforms) = preSolution
		Debug|Any CPU = Debug|Any CPU
		Release|Any CPU = Release|Any CPU
	EndGlobalSection
	GlobalSection(ProjectConfigurationPlatforms) = postSolution
		{00E22AE9-C016-4798-AAD6-86456FB77388}.Debug|Any CPU.ActiveCfg = Debug|Any CPU
		{00E22AE9-C016-4798-AAD6-86456FB77388}.Debug|Any CPU.Build.0 = Debug|Any CPU
		{00E22AE9-C016-4798-AAD6-86456FB77388}.Release|Any CPU.ActiveCfg = Release|Any CPU
		{00E22AE9-C016-4798-AAD6-86456FB77388}.Release|Any CPU.Build.0 = Release|Any CPU
		{F544FB84-3C24-4A83-B00C-C0E2EA672BA2}.Debug|Any CPU.ActiveCfg = Debug|Any CPU
		{F544FB84-3C24-4A83-B00C-C0E2EA672BA2}.Debug|Any CPU.Build.0 = Debug|Any CPU
		{F544FB84-3C24-4A83-B00C-C0E2EA672BA2}.Release|Any CPU.ActiveCfg = Release|Any CPU
		{F544FB84-3C24-4A83-B00C-C0E2EA672BA2}.Release|Any CPU.Build.0 = Release|Any CPU
	EndGlobalSection
	GlobalSection(SolutionProperties) = preSolution
		HideSolutionNode = FALSE
	EndGlobalSection
	GlobalSection(ExtensibilityGlobals) = postSolution
		SolutionGuid = {022A75E9-72A0-482E-B4C2-DB5CA27AC2C6}
	EndGlobalSection
EndGlobal
